PODS:
  - AXWireButton (1.0.0)
  - ChameleonFramework (2.1.0):
    - ChameleonFramework/Default (= 2.1.0)
  - ChameleonFramework/Default (2.1.0)
  - HexColors (2.3.0)
  - JVFloatLabeledTextField (1.2.0)
  - MBProgressHUD (1.0.0)
  - MZAppearance (1.1.6)
  - MZFormSheetPresentationController (2.4.2):
    - MZAppearance
  - NSDate+TimeAgo (1.0.6)
  - ObjcExceptionBridging (1.0.1):
    - ObjcExceptionBridging/ObjcExceptionBridging (= 1.0.1)
  - ObjcExceptionBridging/ObjcExceptionBridging (1.0.1)
  - SwiftWebVC (0.4.1)
  - TPKeyboardAvoiding (1.3.1)
  - TSMessages (0.9.13):
    - HexColors (~> 2.3.0)
  - XCGLogger (5.0.1):
    - XCGLogger/Core (= 5.0.1)
  - XCGLogger/Core (5.0.1):
    - ObjcExceptionBridging

DEPENDENCIES:
  - AXWireButton
  - ChameleonFramework (from `https://github.com/ViccAlexander/Chameleon.git`)
  - JVFloatLabeledTextField
  - MBProgressHUD (~> 1.0.0)
  - MZFormSheetPresentationController
  - NSDate+TimeAgo
  - SwiftWebVC
  - TPKeyboardAvoiding
  - TSMessages (from `https://github.com/KrauseFx/TSMessages.git`)
  - XCGLogger (~> 5.0.1)

EXTERNAL SOURCES:
  ChameleonFramework:
    :git: https://github.com/ViccAlexander/Chameleon.git
  TSMessages:
    :git: https://github.com/KrauseFx/TSMessages.git

CHECKOUT OPTIONS:
  ChameleonFramework:
    :commit: 6dd284bde21ea2e7f9fd89bc36f40df16e16369d
    :git: https://github.com/ViccAlexander/Chameleon.git
  TSMessages:
    :commit: dd843df9a04a756210b2ed51caf1f2b9aafee508
    :git: https://github.com/KrauseFx/TSMessages.git

SPEC CHECKSUMS:
  AXWireButton: 91eed70d80eb92235a37e0d0c88136252743aebf
  ChameleonFramework: d21a3cc247abfe5e37609a283a8238b03575cf64
  HexColors: 6ad3947c3447a055a3aa8efa859def096351fe5f
  JVFloatLabeledTextField: 96c0c1b6739001801340d25b86aff990d67c4181
  MBProgressHUD: 4890f671c94e8a0f3cf959aa731e9de2f036d71a
  MZAppearance: 0c06d3fa9cc55142f1da14bc8631fbe8fd6e19d5
  MZFormSheetPresentationController: c1dc3bce639d2393b3cc416fcb6e050eb5bca062
  NSDate+TimeAgo: 35601c619b2d59290055e4fe76e61d97677a2360
  ObjcExceptionBridging: c30e00eb3700467e695faeea30e26e18bd445001
  SwiftWebVC: 17ad75e1fac143d421e0498fb40d7e37532f26d1
  TPKeyboardAvoiding: 0d6af20e95e2850f4c621841225b59ec7d8dd852
  TSMessages: eb3cf27b6900684a21bad4fe9ea426e287b8c839
  XCGLogger: 0b43697155d41e4a1b15fc776f319c2141646b09

PODFILE CHECKSUM: c19890e5769108132e657b8aa4dea5111f9ae722

COCOAPODS: 1.2.1
