// !$*UTF8*$!
{
	archiveVersion = 1;
	classes = {
	};
	objectVersion = 48;
	objects = {

/* Begin PBXBuildFile section */
		067E068446329874928D1F63 /* Pods_OnTheMapTests.framework in Frameworks */ = {isa = PBXBuildFile; fileRef = A7DFB21F1EEB6D5570B8E913 /* Pods_OnTheMapTests.framework */; };
		808EF6DA1572C89C8FF9BAB3 /* Pods_OnTheMapUITests.framework in Frameworks */ = {isa = PBXBuildFile; fileRef = ED27F4DCBF209EBAEF0AB3CA /* Pods_OnTheMapUITests.framework */; };
		D008D82F1F47480B00A25950 /* OTM_StudentsMapViewController.swift in Sources */ = {isa = PBXBuildFile; fileRef = D008D82E1F47480B00A25950 /* OTM_StudentsMapViewController.swift */; };
		D008D8311F47482C00A25950 /* OTM_StudentsTableViewController.swift in Sources */ = {isa = PBXBuildFile; fileRef = D008D8301F47482C00A25950 /* OTM_StudentsTableViewController.swift */; };
		D01C74B61F48BE310080F003 /* StudentLocation.swift in Sources */ = {isa = PBXBuildFile; fileRef = D01C74B51F48BE310080F003 /* StudentLocation.swift */; };
		D01C74BA1F48C8D90080F003 /* UdacitySingleton.swift in Sources */ = {isa = PBXBuildFile; fileRef = D01C74B91F48C8D90080F003 /* UdacitySingleton.swift */; };
		D01C74BC1F48D0340080F003 /* OTM_AddPinForStudentLocationViewController.swift in Sources */ = {isa = PBXBuildFile; fileRef = D01C74BB1F48D0340080F003 /* OTM_AddPinForStudentLocationViewController.swift */; };
		D01C74BE1F48D05C0080F003 /* ParseDataSingleton.swift in Sources */ = {isa = PBXBuildFile; fileRef = D01C74BD1F48D05B0080F003 /* ParseDataSingleton.swift */; };
		D01C74C01F48D36E0080F003 /* OTM_StudentLocationTableViewCell.swift in Sources */ = {isa = PBXBuildFile; fileRef = D01C74BF1F48D36E0080F003 /* OTM_StudentLocationTableViewCell.swift */; };
		D01F138B1F4734EF0086954C /* AppDelegate.swift in Sources */ = {isa = PBXBuildFile; fileRef = D01F138A1F4734EF0086954C /* AppDelegate.swift */; };
		D01F138D1F4734EF0086954C /* OTM_LoginViewController.swift in Sources */ = {isa = PBXBuildFile; fileRef = D01F138C1F4734EF0086954C /* OTM_LoginViewController.swift */; };
		D01F13901F4734EF0086954C /* Main.storyboard in Resources */ = {isa = PBXBuildFile; fileRef = D01F138E1F4734EF0086954C /* Main.storyboard */; };
		D01F13921F4734EF0086954C /* Assets.xcassets in Resources */ = {isa = PBXBuildFile; fileRef = D01F13911F4734EF0086954C /* Assets.xcassets */; };
		D01F13951F4734EF0086954C /* LaunchScreen.storyboard in Resources */ = {isa = PBXBuildFile; fileRef = D01F13931F4734EF0086954C /* LaunchScreen.storyboard */; };
		D01F13A01F4734F00086954C /* OnTheMapTests.swift in Sources */ = {isa = PBXBuildFile; fileRef = D01F139F1F4734F00086954C /* OnTheMapTests.swift */; };
		D01F13AB1F4734F00086954C /* OnTheMapUITests.swift in Sources */ = {isa = PBXBuildFile; fileRef = D01F13AA1F4734F00086954C /* OnTheMapUITests.swift */; };
		D049F5B21F4B1C430069778C /* OTM_AddPinForStudentLocationGeocodeExtension.swift in Sources */ = {isa = PBXBuildFile; fileRef = D049F5B11F4B1C430069778C /* OTM_AddPinForStudentLocationGeocodeExtension.swift */; };
		D05421F61F4D779900F275FF /* StudentLocationSingleton.swift in Sources */ = {isa = PBXBuildFile; fileRef = D05421F51F4D779900F275FF /* StudentLocationSingleton.swift */; };
		D062CE951F47353400A8554A /* Constants.swift in Sources */ = {isa = PBXBuildFile; fileRef = D062CE941F47353400A8554A /* Constants.swift */; };
		D0B48E751F47496F0082B00B /* MapKit.framework in Frameworks */ = {isa = PBXBuildFile; fileRef = D0B48E741F47496F0082B00B /* MapKit.framework */; };
		D0B48E7B1F474DB10082B00B /* OTM_StudentsMapAuthorizationExtension.swift in Sources */ = {isa = PBXBuildFile; fileRef = D0B48E7A1F474DB10082B00B /* OTM_StudentsMapAuthorizationExtension.swift */; };
		D0CC537B1F49E6B2007520D1 /* NSDate+Extension.swift in Sources */ = {isa = PBXBuildFile; fileRef = D0CC537A1F49E6B2007520D1 /* NSDate+Extension.swift */; };
		D0CC537D1F4A10C8007520D1 /* OTM_StudentsMapUserInterfaceExtension.swift in Sources */ = {isa = PBXBuildFile; fileRef = D0CC537C1F4A10C8007520D1 /* OTM_StudentsMapUserInterfaceExtension.swift */; };
		D0CC537F1F4A1118007520D1 /* OTM_StudentsMapDelegateExtension.swift in Sources */ = {isa = PBXBuildFile; fileRef = D0CC537E1F4A1118007520D1 /* OTM_StudentsMapDelegateExtension.swift */; };
		D0CC53811F4A1141007520D1 /* OTM_StudentsTableDelegateExtension.swift in Sources */ = {isa = PBXBuildFile; fileRef = D0CC53801F4A1141007520D1 /* OTM_StudentsTableDelegateExtension.swift */; };
		D0CC53831F4A1162007520D1 /* OTM_StudentsTableUserInterfaceExtension.swift in Sources */ = {isa = PBXBuildFile; fileRef = D0CC53821F4A1162007520D1 /* OTM_StudentsTableUserInterfaceExtension.swift */; };
		D772A368AED1FF1C9D924748 /* Pods_OnTheMap.framework in Frameworks */ = {isa = PBXBuildFile; fileRef = 2A10774E6EBAD0B00A491D89 /* Pods_OnTheMap.framework */; };
/* End PBXBuildFile section */

/* Begin PBXContainerItemProxy section */
		D01F139C1F4734F00086954C /* PBXContainerItemProxy */ = {
			isa = PBXContainerItemProxy;
			containerPortal = D01F137F1F4734EF0086954C /* Project object */;
			proxyType = 1;
			remoteGlobalIDString = D01F13861F4734EF0086954C;
			remoteInfo = OnTheMap;
		};
		D01F13A71F4734F00086954C /* PBXContainerItemProxy */ = {
			isa = PBXContainerItemProxy;
			containerPortal = D01F137F1F4734EF0086954C /* Project object */;
			proxyType = 1;
			remoteGlobalIDString = D01F13861F4734EF0086954C;
			remoteInfo = OnTheMap;
		};
/* End PBXContainerItemProxy section */

/* Begin PBXFileReference section */
		1CDFEAA530CAC4E3304AD365 /* Pods-OnTheMapUITests.debug.xcconfig */ = {isa = PBXFileReference; includeInIndex = 1; lastKnownFileType = text.xcconfig; name = "Pods-OnTheMapUITests.debug.xcconfig"; path = "Pods/Target Support Files/Pods-OnTheMapUITests/Pods-OnTheMapUITests.debug.xcconfig"; sourceTree = "<group>"; };
		2A10774E6EBAD0B00A491D89 /* Pods_OnTheMap.framework */ = {isa = PBXFileReference; explicitFileType = wrapper.framework; includeInIndex = 0; path = Pods_OnTheMap.framework; sourceTree = BUILT_PRODUCTS_DIR; };
		4530C52D5B6C29E4B0A3BDDE /* Pods-OnTheMap.debug.xcconfig */ = {isa = PBXFileReference; includeInIndex = 1; lastKnownFileType = text.xcconfig; name = "Pods-OnTheMap.debug.xcconfig"; path = "Pods/Target Support Files/Pods-OnTheMap/Pods-OnTheMap.debug.xcconfig"; sourceTree = "<group>"; };
		6055809298CBE2AE6C5BDA6D /* Pods-OnTheMap.release.xcconfig */ = {isa = PBXFileReference; includeInIndex = 1; lastKnownFileType = text.xcconfig; name = "Pods-OnTheMap.release.xcconfig"; path = "Pods/Target Support Files/Pods-OnTheMap/Pods-OnTheMap.release.xcconfig"; sourceTree = "<group>"; };
		6A33BAF84EAE3B1286341D33 /* Pods-OnTheMapUITests.release.xcconfig */ = {isa = PBXFileReference; includeInIndex = 1; lastKnownFileType = text.xcconfig; name = "Pods-OnTheMapUITests.release.xcconfig"; path = "Pods/Target Support Files/Pods-OnTheMapUITests/Pods-OnTheMapUITests.release.xcconfig"; sourceTree = "<group>"; };
		98018A973724837DF697C11D /* Pods-OnTheMapTests.release.xcconfig */ = {isa = PBXFileReference; includeInIndex = 1; lastKnownFileType = text.xcconfig; name = "Pods-OnTheMapTests.release.xcconfig"; path = "Pods/Target Support Files/Pods-OnTheMapTests/Pods-OnTheMapTests.release.xcconfig"; sourceTree = "<group>"; };
		A7DFB21F1EEB6D5570B8E913 /* Pods_OnTheMapTests.framework */ = {isa = PBXFileReference; explicitFileType = wrapper.framework; includeInIndex = 0; path = Pods_OnTheMapTests.framework; sourceTree = BUILT_PRODUCTS_DIR; };
		D008D82E1F47480B00A25950 /* OTM_StudentsMapViewController.swift */ = {isa = PBXFileReference; lastKnownFileType = sourcecode.swift; path = OTM_StudentsMapViewController.swift; sourceTree = "<group>"; };
		D008D8301F47482C00A25950 /* OTM_StudentsTableViewController.swift */ = {isa = PBXFileReference; lastKnownFileType = sourcecode.swift; path = OTM_StudentsTableViewController.swift; sourceTree = "<group>"; };
		D01C74B51F48BE310080F003 /* StudentLocation.swift */ = {isa = PBXFileReference; lastKnownFileType = sourcecode.swift; path = StudentLocation.swift; sourceTree = "<group>"; };
		D01C74B91F48C8D90080F003 /* UdacitySingleton.swift */ = {isa = PBXFileReference; lastKnownFileType = sourcecode.swift; path = UdacitySingleton.swift; sourceTree = "<group>"; };
		D01C74BB1F48D0340080F003 /* OTM_AddPinForStudentLocationViewController.swift */ = {isa = PBXFileReference; lastKnownFileType = sourcecode.swift; path = OTM_AddPinForStudentLocationViewController.swift; sourceTree = "<group>"; };
		D01C74BD1F48D05B0080F003 /* ParseDataSingleton.swift */ = {isa = PBXFileReference; lastKnownFileType = sourcecode.swift; path = ParseDataSingleton.swift; sourceTree = "<group>"; };
		D01C74BF1F48D36E0080F003 /* OTM_StudentLocationTableViewCell.swift */ = {isa = PBXFileReference; lastKnownFileType = sourcecode.swift; path = OTM_StudentLocationTableViewCell.swift; sourceTree = "<group>"; };
		D01F13871F4734EF0086954C /* OnTheMap.app */ = {isa = PBXFileReference; explicitFileType = wrapper.application; includeInIndex = 0; path = OnTheMap.app; sourceTree = BUILT_PRODUCTS_DIR; };
		D01F138A1F4734EF0086954C /* AppDelegate.swift */ = {isa = PBXFileReference; lastKnownFileType = sourcecode.swift; path = AppDelegate.swift; sourceTree = "<group>"; };
		D01F138C1F4734EF0086954C /* OTM_LoginViewController.swift */ = {isa = PBXFileReference; lastKnownFileType = sourcecode.swift; path = OTM_LoginViewController.swift; sourceTree = "<group>"; };
		D01F138F1F4734EF0086954C /* Base */ = {isa = PBXFileReference; lastKnownFileType = file.storyboard; name = Base; path = Base.lproj/Main.storyboard; sourceTree = "<group>"; };
		D01F13911F4734EF0086954C /* Assets.xcassets */ = {isa = PBXFileReference; lastKnownFileType = folder.assetcatalog; path = Assets.xcassets; sourceTree = "<group>"; };
		D01F13941F4734EF0086954C /* Base */ = {isa = PBXFileReference; lastKnownFileType = file.storyboard; name = Base; path = Base.lproj/LaunchScreen.storyboard; sourceTree = "<group>"; };
		D01F13961F4734EF0086954C /* Info.plist */ = {isa = PBXFileReference; lastKnownFileType = text.plist.xml; path = Info.plist; sourceTree = "<group>"; };
		D01F139B1F4734F00086954C /* OnTheMapTests.xctest */ = {isa = PBXFileReference; explicitFileType = wrapper.cfbundle; includeInIndex = 0; path = OnTheMapTests.xctest; sourceTree = BUILT_PRODUCTS_DIR; };
		D01F139F1F4734F00086954C /* OnTheMapTests.swift */ = {isa = PBXFileReference; lastKnownFileType = sourcecode.swift; path = OnTheMapTests.swift; sourceTree = "<group>"; };
		D01F13A11F4734F00086954C /* Info.plist */ = {isa = PBXFileReference; lastKnownFileType = text.plist.xml; path = Info.plist; sourceTree = "<group>"; };
		D01F13A61F4734F00086954C /* OnTheMapUITests.xctest */ = {isa = PBXFileReference; explicitFileType = wrapper.cfbundle; includeInIndex = 0; path = OnTheMapUITests.xctest; sourceTree = BUILT_PRODUCTS_DIR; };
		D01F13AA1F4734F00086954C /* OnTheMapUITests.swift */ = {isa = PBXFileReference; lastKnownFileType = sourcecode.swift; path = OnTheMapUITests.swift; sourceTree = "<group>"; };
		D01F13AC1F4734F00086954C /* Info.plist */ = {isa = PBXFileReference; lastKnownFileType = text.plist.xml; path = Info.plist; sourceTree = "<group>"; };
		D049F5B11F4B1C430069778C /* OTM_AddPinForStudentLocationGeocodeExtension.swift */ = {isa = PBXFileReference; lastKnownFileType = sourcecode.swift; path = OTM_AddPinForStudentLocationGeocodeExtension.swift; sourceTree = "<group>"; };
		D05421F51F4D779900F275FF /* StudentLocationSingleton.swift */ = {isa = PBXFileReference; lastKnownFileType = sourcecode.swift; path = StudentLocationSingleton.swift; sourceTree = "<group>"; };
		D062CE941F47353400A8554A /* Constants.swift */ = {isa = PBXFileReference; lastKnownFileType = sourcecode.swift; path = Constants.swift; sourceTree = "<group>"; };
		D062CE971F4736CC00A8554A /* Roboto-Thin.ttf */ = {isa = PBXFileReference; lastKnownFileType = file; path = "Roboto-Thin.ttf"; sourceTree = "<group>"; };
		D062CE981F4736CC00A8554A /* Roboto-Medium.ttf */ = {isa = PBXFileReference; lastKnownFileType = file; path = "Roboto-Medium.ttf"; sourceTree = "<group>"; };
		D062CE991F4736CC00A8554A /* Roboto-Regular.ttf */ = {isa = PBXFileReference; lastKnownFileType = file; path = "Roboto-Regular.ttf"; sourceTree = "<group>"; };
		D0B48E741F47496F0082B00B /* MapKit.framework */ = {isa = PBXFileReference; lastKnownFileType = wrapper.framework; name = MapKit.framework; path = System/Library/Frameworks/MapKit.framework; sourceTree = SDKROOT; };
		D0B48E7A1F474DB10082B00B /* OTM_StudentsMapAuthorizationExtension.swift */ = {isa = PBXFileReference; lastKnownFileType = sourcecode.swift; path = OTM_StudentsMapAuthorizationExtension.swift; sourceTree = "<group>"; };
		D0CC537A1F49E6B2007520D1 /* NSDate+Extension.swift */ = {isa = PBXFileReference; lastKnownFileType = sourcecode.swift; path = "NSDate+Extension.swift"; sourceTree = "<group>"; };
		D0CC537C1F4A10C8007520D1 /* OTM_StudentsMapUserInterfaceExtension.swift */ = {isa = PBXFileReference; lastKnownFileType = sourcecode.swift; path = OTM_StudentsMapUserInterfaceExtension.swift; sourceTree = "<group>"; };
		D0CC537E1F4A1118007520D1 /* OTM_StudentsMapDelegateExtension.swift */ = {isa = PBXFileReference; lastKnownFileType = sourcecode.swift; path = OTM_StudentsMapDelegateExtension.swift; sourceTree = "<group>"; };
		D0CC53801F4A1141007520D1 /* OTM_StudentsTableDelegateExtension.swift */ = {isa = PBXFileReference; lastKnownFileType = sourcecode.swift; path = OTM_StudentsTableDelegateExtension.swift; sourceTree = "<group>"; };
		D0CC53821F4A1162007520D1 /* OTM_StudentsTableUserInterfaceExtension.swift */ = {isa = PBXFileReference; lastKnownFileType = sourcecode.swift; path = OTM_StudentsTableUserInterfaceExtension.swift; sourceTree = "<group>"; };
		E282FF58D0AD73BCFF89FD5B /* Pods-OnTheMapTests.debug.xcconfig */ = {isa = PBXFileReference; includeInIndex = 1; lastKnownFileType = text.xcconfig; name = "Pods-OnTheMapTests.debug.xcconfig"; path = "Pods/Target Support Files/Pods-OnTheMapTests/Pods-OnTheMapTests.debug.xcconfig"; sourceTree = "<group>"; };
		ED27F4DCBF209EBAEF0AB3CA /* Pods_OnTheMapUITests.framework */ = {isa = PBXFileReference; explicitFileType = wrapper.framework; includeInIndex = 0; path = Pods_OnTheMapUITests.framework; sourceTree = BUILT_PRODUCTS_DIR; };
/* End PBXFileReference section */

/* Begin PBXFrameworksBuildPhase section */
		D01F13841F4734EF0086954C /* Frameworks */ = {
			isa = PBXFrameworksBuildPhase;
			buildActionMask = 2147483647;
			files = (
				D0B48E751F47496F0082B00B /* MapKit.framework in Frameworks */,
				D772A368AED1FF1C9D924748 /* Pods_OnTheMap.framework in Frameworks */,
			);
			runOnlyForDeploymentPostprocessing = 0;
		};
		D01F13981F4734F00086954C /* Frameworks */ = {
			isa = PBXFrameworksBuildPhase;
			buildActionMask = 2147483647;
			files = (
				067E068446329874928D1F63 /* Pods_OnTheMapTests.framework in Frameworks */,
			);
			runOnlyForDeploymentPostprocessing = 0;
		};
		D01F13A31F4734F00086954C /* Frameworks */ = {
			isa = PBXFrameworksBuildPhase;
			buildActionMask = 2147483647;
			files = (
				808EF6DA1572C89C8FF9BAB3 /* Pods_OnTheMapUITests.framework in Frameworks */,
			);
			runOnlyForDeploymentPostprocessing = 0;
		};
/* End PBXFrameworksBuildPhase section */

/* Begin PBXGroup section */
		5183C911AFEF847DB2D1E880 /* Pods */ = {
			isa = PBXGroup;
			children = (
				4530C52D5B6C29E4B0A3BDDE /* Pods-OnTheMap.debug.xcconfig */,
				6055809298CBE2AE6C5BDA6D /* Pods-OnTheMap.release.xcconfig */,
				E282FF58D0AD73BCFF89FD5B /* Pods-OnTheMapTests.debug.xcconfig */,
				98018A973724837DF697C11D /* Pods-OnTheMapTests.release.xcconfig */,
				1CDFEAA530CAC4E3304AD365 /* Pods-OnTheMapUITests.debug.xcconfig */,
				6A33BAF84EAE3B1286341D33 /* Pods-OnTheMapUITests.release.xcconfig */,
			);
			name = Pods;
			sourceTree = "<group>";
		};
		D008D8291F4747BB00A25950 /* Model */ = {
			isa = PBXGroup;
			children = (
				D01C74B51F48BE310080F003 /* StudentLocation.swift */,
				D05421F51F4D779900F275FF /* StudentLocationSingleton.swift */,
			);
			path = Model;
			sourceTree = "<group>";
		};
		D008D82A1F4747C000A25950 /* View */ = {
			isa = PBXGroup;
			children = (
				D01C74BF1F48D36E0080F003 /* OTM_StudentLocationTableViewCell.swift */,
			);
			path = View;
			sourceTree = "<group>";
		};
		D008D82B1F4747C600A25950 /* Network */ = {
			isa = PBXGroup;
			children = (
				D01C74BD1F48D05B0080F003 /* ParseDataSingleton.swift */,
				D01C74B91F48C8D90080F003 /* UdacitySingleton.swift */,
			);
			path = Network;
			sourceTree = "<group>";
		};
		D008D82C1F4747CF00A25950 /* Controller */ = {
			isa = PBXGroup;
			children = (
				D01F138C1F4734EF0086954C /* OTM_LoginViewController.swift */,
				D008D82E1F47480B00A25950 /* OTM_StudentsMapViewController.swift */,
				D008D8301F47482C00A25950 /* OTM_StudentsTableViewController.swift */,
				D01C74BB1F48D0340080F003 /* OTM_AddPinForStudentLocationViewController.swift */,
			);
			path = Controller;
			sourceTree = "<group>";
		};
		D008D82D1F4747D400A25950 /* Extension */ = {
			isa = PBXGroup;
			children = (
				D049F5B01F4B1C0B0069778C /* AddPinForStudentLocationVC */,
				D0B48E771F474D250082B00B /* StudentTableVC */,
				D0B48E761F474D190082B00B /* StudentMapVC */,
				D0CC537A1F49E6B2007520D1 /* NSDate+Extension.swift */,
			);
			path = Extension;
			sourceTree = "<group>";
		};
		D01F137E1F4734EF0086954C = {
			isa = PBXGroup;
			children = (
				D01F13891F4734EF0086954C /* OnTheMap */,
				D01F139E1F4734F00086954C /* OnTheMapTests */,
				D01F13A91F4734F00086954C /* OnTheMapUITests */,
				D01F13881F4734EF0086954C /* Products */,
				5183C911AFEF847DB2D1E880 /* Pods */,
				ECED2B8A97FF4D42F1709F44 /* Frameworks */,
			);
			sourceTree = "<group>";
		};
		D01F13881F4734EF0086954C /* Products */ = {
			isa = PBXGroup;
			children = (
				D01F13871F4734EF0086954C /* OnTheMap.app */,
				D01F139B1F4734F00086954C /* OnTheMapTests.xctest */,
				D01F13A61F4734F00086954C /* OnTheMapUITests.xctest */,
			);
			name = Products;
			sourceTree = "<group>";
		};
		D01F13891F4734EF0086954C /* OnTheMap */ = {
			isa = PBXGroup;
			children = (
				D008D82D1F4747D400A25950 /* Extension */,
				D008D82C1F4747CF00A25950 /* Controller */,
				D008D82B1F4747C600A25950 /* Network */,
				D008D82A1F4747C000A25950 /* View */,
				D008D8291F4747BB00A25950 /* Model */,
				D062CE961F4736C300A8554A /* Fonts */,
				D01F138A1F4734EF0086954C /* AppDelegate.swift */,
				D01F138E1F4734EF0086954C /* Main.storyboard */,
				D01F13911F4734EF0086954C /* Assets.xcassets */,
				D01F13931F4734EF0086954C /* LaunchScreen.storyboard */,
				D01F13961F4734EF0086954C /* Info.plist */,
				D062CE941F47353400A8554A /* Constants.swift */,
			);
			path = OnTheMap;
			sourceTree = "<group>";
		};
		D01F139E1F4734F00086954C /* OnTheMapTests */ = {
			isa = PBXGroup;
			children = (
				D01F139F1F4734F00086954C /* OnTheMapTests.swift */,
				D01F13A11F4734F00086954C /* Info.plist */,
			);
			path = OnTheMapTests;
			sourceTree = "<group>";
		};
		D01F13A91F4734F00086954C /* OnTheMapUITests */ = {
			isa = PBXGroup;
			children = (
				D01F13AA1F4734F00086954C /* OnTheMapUITests.swift */,
				D01F13AC1F4734F00086954C /* Info.plist */,
			);
			path = OnTheMapUITests;
			sourceTree = "<group>";
		};
		D049F5B01F4B1C0B0069778C /* AddPinForStudentLocationVC */ = {
			isa = PBXGroup;
			children = (
				D049F5B11F4B1C430069778C /* OTM_AddPinForStudentLocationGeocodeExtension.swift */,
			);
			path = AddPinForStudentLocationVC;
			sourceTree = "<group>";
		};
		D062CE961F4736C300A8554A /* Fonts */ = {
			isa = PBXGroup;
			children = (
				D062CE981F4736CC00A8554A /* Roboto-Medium.ttf */,
				D062CE991F4736CC00A8554A /* Roboto-Regular.ttf */,
				D062CE971F4736CC00A8554A /* Roboto-Thin.ttf */,
			);
			path = Fonts;
			sourceTree = "<group>";
		};
		D0B48E761F474D190082B00B /* StudentMapVC */ = {
			isa = PBXGroup;
			children = (
				D0B48E7A1F474DB10082B00B /* OTM_StudentsMapAuthorizationExtension.swift */,
				D0CC537C1F4A10C8007520D1 /* OTM_StudentsMapUserInterfaceExtension.swift */,
				D0CC537E1F4A1118007520D1 /* OTM_StudentsMapDelegateExtension.swift */,
			);
			path = StudentMapVC;
			sourceTree = "<group>";
		};
		D0B48E771F474D250082B00B /* StudentTableVC */ = {
			isa = PBXGroup;
			children = (
				D0CC53821F4A1162007520D1 /* OTM_StudentsTableUserInterfaceExtension.swift */,
				D0CC53801F4A1141007520D1 /* OTM_StudentsTableDelegateExtension.swift */,
			);
			path = StudentTableVC;
			sourceTree = "<group>";
		};
		ECED2B8A97FF4D42F1709F44 /* Frameworks */ = {
			isa = PBXGroup;
			children = (
				D0B48E741F47496F0082B00B /* MapKit.framework */,
				2A10774E6EBAD0B00A491D89 /* Pods_OnTheMap.framework */,
				A7DFB21F1EEB6D5570B8E913 /* Pods_OnTheMapTests.framework */,
				ED27F4DCBF209EBAEF0AB3CA /* Pods_OnTheMapUITests.framework */,
			);
			name = Frameworks;
			sourceTree = "<group>";
		};
/* End PBXGroup section */

/* Begin PBXNativeTarget section */
		D01F13861F4734EF0086954C /* OnTheMap */ = {
			isa = PBXNativeTarget;
			buildConfigurationList = D01F13AF1F4734F00086954C /* Build configuration list for PBXNativeTarget "OnTheMap" */;
			buildPhases = (
				B3AECCB82894BCDCC2FDA38E /* [CP] Check Pods Manifest.lock */,
				D01F13831F4734EF0086954C /* Sources */,
				D01F13841F4734EF0086954C /* Frameworks */,
				D01F13851F4734EF0086954C /* Resources */,
				761E214A7AF7EAE6FBCE0894 /* [CP] Embed Pods Frameworks */,
				FFDECACDDB6FBADE2A0899B0 /* [CP] Copy Pods Resources */,
			);
			buildRules = (
			);
			dependencies = (
			);
			name = OnTheMap;
			productName = OnTheMap;
			productReference = D01F13871F4734EF0086954C /* OnTheMap.app */;
			productType = "com.apple.product-type.application";
		};
		D01F139A1F4734F00086954C /* OnTheMapTests */ = {
			isa = PBXNativeTarget;
			buildConfigurationList = D01F13B21F4734F00086954C /* Build configuration list for PBXNativeTarget "OnTheMapTests" */;
			buildPhases = (
				FC9888EB8455DD1CCB217555 /* [CP] Check Pods Manifest.lock */,
				D01F13971F4734F00086954C /* Sources */,
				D01F13981F4734F00086954C /* Frameworks */,
				D01F13991F4734F00086954C /* Resources */,
				158BDACCDB51E32723305B2A /* [CP] Embed Pods Frameworks */,
				A60DE0F30297C38CC6CFC9A9 /* [CP] Copy Pods Resources */,
			);
			buildRules = (
			);
			dependencies = (
				D01F139D1F4734F00086954C /* PBXTargetDependency */,
			);
			name = OnTheMapTests;
			productName = OnTheMapTests;
			productReference = D01F139B1F4734F00086954C /* OnTheMapTests.xctest */;
			productType = "com.apple.product-type.bundle.unit-test";
		};
		D01F13A51F4734F00086954C /* OnTheMapUITests */ = {
			isa = PBXNativeTarget;
			buildConfigurationList = D01F13B51F4734F00086954C /* Build configuration list for PBXNativeTarget "OnTheMapUITests" */;
			buildPhases = (
				670C98243D7D61145F266AAB /* [CP] Check Pods Manifest.lock */,
				D01F13A21F4734F00086954C /* Sources */,
				D01F13A31F4734F00086954C /* Frameworks */,
				D01F13A41F4734F00086954C /* Resources */,
				2881D639749D4BFDDE388306 /* [CP] Embed Pods Frameworks */,
				14F720BB35EAA01A4627C628 /* [CP] Copy Pods Resources */,
			);
			buildRules = (
			);
			dependencies = (
				D01F13A81F4734F00086954C /* PBXTargetDependency */,
			);
			name = OnTheMapUITests;
			productName = OnTheMapUITests;
			productReference = D01F13A61F4734F00086954C /* OnTheMapUITests.xctest */;
			productType = "com.apple.product-type.bundle.ui-testing";
		};
/* End PBXNativeTarget section */

/* Begin PBXProject section */
		D01F137F1F4734EF0086954C /* Project object */ = {
			isa = PBXProject;
			attributes = {
				CLASSPREFIX = OTM_;
				LastSwiftUpdateCheck = 0900;
				LastUpgradeCheck = 0900;
				ORGANIZATIONNAME = "Danish Ansari";
				TargetAttributes = {
					D01F13861F4734EF0086954C = {
						CreatedOnToolsVersion = 9.0;
						SystemCapabilities = {
							com.apple.Maps.iOS = {
								enabled = 1;
							};
						};
					};
					D01F139A1F4734F00086954C = {
						CreatedOnToolsVersion = 9.0;
						TestTargetID = D01F13861F4734EF0086954C;
					};
					D01F13A51F4734F00086954C = {
						CreatedOnToolsVersion = 9.0;
						TestTargetID = D01F13861F4734EF0086954C;
					};
				};
			};
			buildConfigurationList = D01F13821F4734EF0086954C /* Build configuration list for PBXProject "OnTheMap" */;
			compatibilityVersion = "Xcode 8.0";
			developmentRegion = en;
			hasScannedForEncodings = 0;
			knownRegions = (
				en,
				Base,
			);
			mainGroup = D01F137E1F4734EF0086954C;
			productRefGroup = D01F13881F4734EF0086954C /* Products */;
			projectDirPath = "";
			projectRoot = "";
			targets = (
				D01F13861F4734EF0086954C /* OnTheMap */,
				D01F139A1F4734F00086954C /* OnTheMapTests */,
				D01F13A51F4734F00086954C /* OnTheMapUITests */,
			);
		};
/* End PBXProject section */

/* Begin PBXResourcesBuildPhase section */
		D01F13851F4734EF0086954C /* Resources */ = {
			isa = PBXResourcesBuildPhase;
			buildActionMask = 2147483647;
			files = (
				D01F13951F4734EF0086954C /* LaunchScreen.storyboard in Resources */,
				D01F13921F4734EF0086954C /* Assets.xcassets in Resources */,
				D01F13901F4734EF0086954C /* Main.storyboard in Resources */,
			);
			runOnlyForDeploymentPostprocessing = 0;
		};
		D01F13991F4734F00086954C /* Resources */ = {
			isa = PBXResourcesBuildPhase;
			buildActionMask = 2147483647;
			files = (
			);
			runOnlyForDeploymentPostprocessing = 0;
		};
		D01F13A41F4734F00086954C /* Resources */ = {
			isa = PBXResourcesBuildPhase;
			buildActionMask = 2147483647;
			files = (
			);
			runOnlyForDeploymentPostprocessing = 0;
		};
/* End PBXResourcesBuildPhase section */

/* Begin PBXShellScriptBuildPhase section */
		14F720BB35EAA01A4627C628 /* [CP] Copy Pods Resources */ = {
			isa = PBXShellScriptBuildPhase;
			buildActionMask = 2147483647;
			files = (
			);
			inputPaths = (
			);
			name = "[CP] Copy Pods Resources";
			outputPaths = (
			);
			runOnlyForDeploymentPostprocessing = 0;
			shellPath = /bin/sh;
			shellScript = "\"${SRCROOT}/Pods/Target Support Files/Pods-OnTheMapUITests/Pods-OnTheMapUITests-resources.sh\"\n";
			showEnvVarsInLog = 0;
		};
		158BDACCDB51E32723305B2A /* [CP] Embed Pods Frameworks */ = {
			isa = PBXShellScriptBuildPhase;
			buildActionMask = 2147483647;
			files = (
			);
			inputPaths = (
			);
			name = "[CP] Embed Pods Frameworks";
			outputPaths = (
			);
			runOnlyForDeploymentPostprocessing = 0;
			shellPath = /bin/sh;
			shellScript = "\"${SRCROOT}/Pods/Target Support Files/Pods-OnTheMapTests/Pods-OnTheMapTests-frameworks.sh\"\n";
			showEnvVarsInLog = 0;
		};
		2881D639749D4BFDDE388306 /* [CP] Embed Pods Frameworks */ = {
			isa = PBXShellScriptBuildPhase;
			buildActionMask = 2147483647;
			files = (
			);
			inputPaths = (
			);
			name = "[CP] Embed Pods Frameworks";
			outputPaths = (
			);
			runOnlyForDeploymentPostprocessing = 0;
			shellPath = /bin/sh;
			shellScript = "\"${SRCROOT}/Pods/Target Support Files/Pods-OnTheMapUITests/Pods-OnTheMapUITests-frameworks.sh\"\n";
			showEnvVarsInLog = 0;
		};
		670C98243D7D61145F266AAB /* [CP] Check Pods Manifest.lock */ = {
			isa = PBXShellScriptBuildPhase;
			buildActionMask = 2147483647;
			files = (
			);
			inputPaths = (
			);
			name = "[CP] Check Pods Manifest.lock";
			outputPaths = (
			);
			runOnlyForDeploymentPostprocessing = 0;
			shellPath = /bin/sh;
			shellScript = "diff \"${PODS_PODFILE_DIR_PATH}/Podfile.lock\" \"${PODS_ROOT}/Manifest.lock\" > /dev/null\nif [ $? != 0 ] ; then\n    # print error to STDERR\n    echo \"error: The sandbox is not in sync with the Podfile.lock. Run 'pod install' or update your CocoaPods installation.\" >&2\n    exit 1\nfi\n";
			showEnvVarsInLog = 0;
		};
		761E214A7AF7EAE6FBCE0894 /* [CP] Embed Pods Frameworks */ = {
			isa = PBXShellScriptBuildPhase;
			buildActionMask = 2147483647;
			files = (
			);
			inputPaths = (
			);
			name = "[CP] Embed Pods Frameworks";
			outputPaths = (
			);
			runOnlyForDeploymentPostprocessing = 0;
			shellPath = /bin/sh;
			shellScript = "\"${SRCROOT}/Pods/Target Support Files/Pods-OnTheMap/Pods-OnTheMap-frameworks.sh\"\n";
			showEnvVarsInLog = 0;
		};
		A60DE0F30297C38CC6CFC9A9 /* [CP] Copy Pods Resources */ = {
			isa = PBXShellScriptBuildPhase;
			buildActionMask = 2147483647;
			files = (
			);
			inputPaths = (
			);
			name = "[CP] Copy Pods Resources";
			outputPaths = (
			);
			runOnlyForDeploymentPostprocessing = 0;
			shellPath = /bin/sh;
			shellScript = "\"${SRCROOT}/Pods/Target Support Files/Pods-OnTheMapTests/Pods-OnTheMapTests-resources.sh\"\n";
			showEnvVarsInLog = 0;
		};
		B3AECCB82894BCDCC2FDA38E /* [CP] Check Pods Manifest.lock */ = {
			isa = PBXShellScriptBuildPhase;
			buildActionMask = 2147483647;
			files = (
			);
			inputPaths = (
			);
			name = "[CP] Check Pods Manifest.lock";
			outputPaths = (
			);
			runOnlyForDeploymentPostprocessing = 0;
			shellPath = /bin/sh;
			shellScript = "diff \"${PODS_PODFILE_DIR_PATH}/Podfile.lock\" \"${PODS_ROOT}/Manifest.lock\" > /dev/null\nif [ $? != 0 ] ; then\n    # print error to STDERR\n    echo \"error: The sandbox is not in sync with the Podfile.lock. Run 'pod install' or update your CocoaPods installation.\" >&2\n    exit 1\nfi\n";
			showEnvVarsInLog = 0;
		};
		FC9888EB8455DD1CCB217555 /* [CP] Check Pods Manifest.lock */ = {
			isa = PBXShellScriptBuildPhase;
			buildActionMask = 2147483647;
			files = (
			);
			inputPaths = (
			);
			name = "[CP] Check Pods Manifest.lock";
			outputPaths = (
			);
			runOnlyForDeploymentPostprocessing = 0;
			shellPath = /bin/sh;
			shellScript = "diff \"${PODS_PODFILE_DIR_PATH}/Podfile.lock\" \"${PODS_ROOT}/Manifest.lock\" > /dev/null\nif [ $? != 0 ] ; then\n    # print error to STDERR\n    echo \"error: The sandbox is not in sync with the Podfile.lock. Run 'pod install' or update your CocoaPods installation.\" >&2\n    exit 1\nfi\n";
			showEnvVarsInLog = 0;
		};
		FFDECACDDB6FBADE2A0899B0 /* [CP] Copy Pods Resources */ = {
			isa = PBXShellScriptBuildPhase;
			buildActionMask = 2147483647;
			files = (
			);
			inputPaths = (
			);
			name = "[CP] Copy Pods Resources";
			outputPaths = (
			);
			runOnlyForDeploymentPostprocessing = 0;
			shellPath = /bin/sh;
			shellScript = "\"${SRCROOT}/Pods/Target Support Files/Pods-OnTheMap/Pods-OnTheMap-resources.sh\"\n";
			showEnvVarsInLog = 0;
		};
/* End PBXShellScriptBuildPhase section */

/* Begin PBXSourcesBuildPhase section */
		D01F13831F4734EF0086954C /* Sources */ = {
			isa = PBXSourcesBuildPhase;
			buildActionMask = 2147483647;
			files = (
				D05421F61F4D779900F275FF /* StudentLocationSingleton.swift in Sources */,
				D0CC537B1F49E6B2007520D1 /* NSDate+Extension.swift in Sources */,
				D049F5B21F4B1C430069778C /* OTM_AddPinForStudentLocationGeocodeExtension.swift in Sources */,
				D01C74C01F48D36E0080F003 /* OTM_StudentLocationTableViewCell.swift in Sources */,
				D01C74BA1F48C8D90080F003 /* UdacitySingleton.swift in Sources */,
				D01C74B61F48BE310080F003 /* StudentLocation.swift in Sources */,
				D01F138D1F4734EF0086954C /* OTM_LoginViewController.swift in Sources */,
				D01C74BE1F48D05C0080F003 /* ParseDataSingleton.swift in Sources */,
				D0CC53831F4A1162007520D1 /* OTM_StudentsTableUserInterfaceExtension.swift in Sources */,
				D0CC53811F4A1141007520D1 /* OTM_StudentsTableDelegateExtension.swift in Sources */,
				D0B48E7B1F474DB10082B00B /* OTM_StudentsMapAuthorizationExtension.swift in Sources */,
				D01C74BC1F48D0340080F003 /* OTM_AddPinForStudentLocationViewController.swift in Sources */,
				D0CC537D1F4A10C8007520D1 /* OTM_StudentsMapUserInterfaceExtension.swift in Sources */,
				D01F138B1F4734EF0086954C /* AppDelegate.swift in Sources */,
				D0CC537F1F4A1118007520D1 /* OTM_StudentsMapDelegateExtension.swift in Sources */,
				D008D82F1F47480B00A25950 /* OTM_StudentsMapViewController.swift in Sources */,
				D008D8311F47482C00A25950 /* OTM_StudentsTableViewController.swift in Sources */,
				D062CE951F47353400A8554A /* Constants.swift in Sources */,
			);
			runOnlyForDeploymentPostprocessing = 0;
		};
		D01F13971F4734F00086954C /* Sources */ = {
			isa = PBXSourcesBuildPhase;
			buildActionMask = 2147483647;
			files = (
				D01F13A01F4734F00086954C /* OnTheMapTests.swift in Sources */,
			);
			runOnlyForDeploymentPostprocessing = 0;
		};
		D01F13A21F4734F00086954C /* Sources */ = {
			isa = PBXSourcesBuildPhase;
			buildActionMask = 2147483647;
			files = (
				D01F13AB1F4734F00086954C /* OnTheMapUITests.swift in Sources */,
			);
			runOnlyForDeploymentPostprocessing = 0;
		};
/* End PBXSourcesBuildPhase section */

/* Begin PBXTargetDependency section */
		D01F139D1F4734F00086954C /* PBXTargetDependency */ = {
			isa = PBXTargetDependency;
			target = D01F13861F4734EF0086954C /* OnTheMap */;
			targetProxy = D01F139C1F4734F00086954C /* PBXContainerItemProxy */;
		};
		D01F13A81F4734F00086954C /* PBXTargetDependency */ = {
			isa = PBXTargetDependency;
			target = D01F13861F4734EF0086954C /* OnTheMap */;
			targetProxy = D01F13A71F4734F00086954C /* PBXContainerItemProxy */;
		};
/* End PBXTargetDependency section */

/* Begin PBXVariantGroup section */
		D01F138E1F4734EF0086954C /* Main.storyboard */ = {
			isa = PBXVariantGroup;
			children = (
				D01F138F1F4734EF0086954C /* Base */,
			);
			name = Main.storyboard;
			sourceTree = "<group>";
		};
		D01F13931F4734EF0086954C /* LaunchScreen.storyboard */ = {
			isa = PBXVariantGroup;
			children = (
				D01F13941F4734EF0086954C /* Base */,
			);
			name = LaunchScreen.storyboard;
			sourceTree = "<group>";
		};
/* End PBXVariantGroup section */

/* Begin XCBuildConfiguration section */
		D01F13AD1F4734F00086954C /* Debug */ = {
			isa = XCBuildConfiguration;
			buildSettings = {
				ALWAYS_SEARCH_USER_PATHS = NO;
				CLANG_ANALYZER_NONNULL = YES;
				CLANG_ANALYZER_NUMBER_OBJECT_CONVERSION = YES_AGGRESSIVE;
				CLANG_CXX_LANGUAGE_STANDARD = "gnu++14";
				CLANG_CXX_LIBRARY = "libc++";
				CLANG_ENABLE_MODULES = YES;
				CLANG_ENABLE_OBJC_ARC = YES;
				CLANG_WARN_BLOCK_CAPTURE_AUTORELEASING = YES;
				CLANG_WARN_BOOL_CONVERSION = YES;
				CLANG_WARN_COMMA = YES;
				CLANG_WARN_CONSTANT_CONVERSION = YES;
				CLANG_WARN_DIRECT_OBJC_ISA_USAGE = YES_ERROR;
				CLANG_WARN_DOCUMENTATION_COMMENTS = YES;
				CLANG_WARN_EMPTY_BODY = YES;
				CLANG_WARN_ENUM_CONVERSION = YES;
				CLANG_WARN_INFINITE_RECURSION = YES;
				CLANG_WARN_INT_CONVERSION = YES;
				CLANG_WARN_NON_LITERAL_NULL_CONVERSION = YES;
				CLANG_WARN_OBJC_LITERAL_CONVERSION = YES;
				CLANG_WARN_OBJC_ROOT_CLASS = YES_ERROR;
				CLANG_WARN_RANGE_LOOP_ANALYSIS = YES;
				CLANG_WARN_STRICT_PROTOTYPES = YES;
				CLANG_WARN_SUSPICIOUS_MOVE = YES;
				CLANG_WARN_UNGUARDED_AVAILABILITY = YES_AGGRESSIVE;
				CLANG_WARN_UNREACHABLE_CODE = YES;
				CLANG_WARN__DUPLICATE_METHOD_MATCH = YES;
				CODE_SIGN_IDENTITY = "iPhone Developer";
				COPY_PHASE_STRIP = NO;
				DEBUG_INFORMATION_FORMAT = dwarf;
				ENABLE_STRICT_OBJC_MSGSEND = YES;
				ENABLE_TESTABILITY = YES;
				GCC_C_LANGUAGE_STANDARD = gnu11;
				GCC_DYNAMIC_NO_PIC = NO;
				GCC_NO_COMMON_BLOCKS = YES;
				GCC_OPTIMIZATION_LEVEL = 0;
				GCC_PREPROCESSOR_DEFINITIONS = (
					"DEBUG=1",
					"$(inherited)",
				);
				GCC_WARN_64_TO_32_BIT_CONVERSION = YES;
				GCC_WARN_ABOUT_RETURN_TYPE = YES_ERROR;
				GCC_WARN_UNDECLARED_SELECTOR = YES;
				GCC_WARN_UNINITIALIZED_AUTOS = YES_AGGRESSIVE;
				GCC_WARN_UNUSED_FUNCTION = YES;
				GCC_WARN_UNUSED_VARIABLE = YES;
				IPHONEOS_DEPLOYMENT_TARGET = 10.3;
				MTL_ENABLE_DEBUG_INFO = YES;
				ONLY_ACTIVE_ARCH = YES;
				SDKROOT = iphoneos;
				SWIFT_ACTIVE_COMPILATION_CONDITIONS = DEBUG;
				SWIFT_OPTIMIZATION_LEVEL = "-Onone";
			};
			name = Debug;
		};
		D01F13AE1F4734F00086954C /* Release */ = {
			isa = XCBuildConfiguration;
			buildSettings = {
				ALWAYS_SEARCH_USER_PATHS = NO;
				CLANG_ANALYZER_NONNULL = YES;
				CLANG_ANALYZER_NUMBER_OBJECT_CONVERSION = YES_AGGRESSIVE;
				CLANG_CXX_LANGUAGE_STANDARD = "gnu++14";
				CLANG_CXX_LIBRARY = "libc++";
				CLANG_ENABLE_MODULES = YES;
				CLANG_ENABLE_OBJC_ARC = YES;
				CLANG_WARN_BLOCK_CAPTURE_AUTORELEASING = YES;
				CLANG_WARN_BOOL_CONVERSION = YES;
				CLANG_WARN_COMMA = YES;
				CLANG_WARN_CONSTANT_CONVERSION = YES;
				CLANG_WARN_DIRECT_OBJC_ISA_USAGE = YES_ERROR;
				CLANG_WARN_DOCUMENTATION_COMMENTS = YES;
				CLANG_WARN_EMPTY_BODY = YES;
				CLANG_WARN_ENUM_CONVERSION = YES;
				CLANG_WARN_INFINITE_RECURSION = YES;
				CLANG_WARN_INT_CONVERSION = YES;
				CLANG_WARN_NON_LITERAL_NULL_CONVERSION = YES;
				CLANG_WARN_OBJC_LITERAL_CONVERSION = YES;
				CLANG_WARN_OBJC_ROOT_CLASS = YES_ERROR;
				CLANG_WARN_RANGE_LOOP_ANALYSIS = YES;
				CLANG_WARN_STRICT_PROTOTYPES = YES;
				CLANG_WARN_SUSPICIOUS_MOVE = YES;
				CLANG_WARN_UNGUARDED_AVAILABILITY = YES_AGGRESSIVE;
				CLANG_WARN_UNREACHABLE_CODE = YES;
				CLANG_WARN__DUPLICATE_METHOD_MATCH = YES;
				CODE_SIGN_IDENTITY = "iPhone Developer";
				COPY_PHASE_STRIP = NO;
				DEBUG_INFORMATION_FORMAT = "dwarf-with-dsym";
				ENABLE_NS_ASSERTIONS = NO;
				ENABLE_STRICT_OBJC_MSGSEND = YES;
				GCC_C_LANGUAGE_STANDARD = gnu11;
				GCC_NO_COMMON_BLOCKS = YES;
				GCC_WARN_64_TO_32_BIT_CONVERSION = YES;
				GCC_WARN_ABOUT_RETURN_TYPE = YES_ERROR;
				GCC_WARN_UNDECLARED_SELECTOR = YES;
				GCC_WARN_UNINITIALIZED_AUTOS = YES_AGGRESSIVE;
				GCC_WARN_UNUSED_FUNCTION = YES;
				GCC_WARN_UNUSED_VARIABLE = YES;
				IPHONEOS_DEPLOYMENT_TARGET = 10.3;
				MTL_ENABLE_DEBUG_INFO = NO;
				SDKROOT = iphoneos;
				SWIFT_OPTIMIZATION_LEVEL = "-Owholemodule";
				VALIDATE_PRODUCT = YES;
			};
			name = Release;
		};
		D01F13B01F4734F00086954C /* Debug */ = {
			isa = XCBuildConfiguration;
			baseConfigurationReference = 4530C52D5B6C29E4B0A3BDDE /* Pods-OnTheMap.debug.xcconfig */;
			buildSettings = {
				ASSETCATALOG_COMPILER_APPICON_NAME = AppIcon;
				DEVELOPMENT_TEAM = H99S8C322A;
				INFOPLIST_FILE = OnTheMap/Info.plist;
				IPHONEOS_DEPLOYMENT_TARGET = 10.3;
				LD_RUNPATH_SEARCH_PATHS = "$(inherited) @executable_path/Frameworks";
				PRODUCT_BUNDLE_IDENTIFIER = com.deeprealm.OnTheMap;
				PRODUCT_NAME = "$(TARGET_NAME)";
				SWIFT_VERSION = 3.0;
				TARGETED_DEVICE_FAMILY = "1,2";
			};
			name = Debug;
		};
		D01F13B11F4734F00086954C /* Release */ = {
			isa = XCBuildConfiguration;
			baseConfigurationReference = 6055809298CBE2AE6C5BDA6D /* Pods-OnTheMap.release.xcconfig */;
			buildSettings = {
				ASSETCATALOG_COMPILER_APPICON_NAME = AppIcon;
				DEVELOPMENT_TEAM = H99S8C322A;
				INFOPLIST_FILE = OnTheMap/Info.plist;
				IPHONEOS_DEPLOYMENT_TARGET = 10.3;
				LD_RUNPATH_SEARCH_PATHS = "$(inherited) @executable_path/Frameworks";
				PRODUCT_BUNDLE_IDENTIFIER = com.deeprealm.OnTheMap;
				PRODUCT_NAME = "$(TARGET_NAME)";
				SWIFT_VERSION = 3.0;
				TARGETED_DEVICE_FAMILY = "1,2";
			};
			name = Release;
		};
		D01F13B31F4734F00086954C /* Debug */ = {
			isa = XCBuildConfiguration;
			baseConfigurationReference = E282FF58D0AD73BCFF89FD5B /* Pods-OnTheMapTests.debug.xcconfig */;
			buildSettings = {
				ALWAYS_EMBED_SWIFT_STANDARD_LIBRARIES = YES;
				BUNDLE_LOADER = "$(TEST_HOST)";
				DEVELOPMENT_TEAM = H99S8C322A;
				INFOPLIST_FILE = OnTheMapTests/Info.plist;
				IPHONEOS_DEPLOYMENT_TARGET = 10.3;
				LD_RUNPATH_SEARCH_PATHS = "$(inherited) @executable_path/Frameworks @loader_path/Frameworks";
				PRODUCT_BUNDLE_IDENTIFIER = com.deeprealm.OnTheMapTests;
				PRODUCT_NAME = "$(TARGET_NAME)";
				SWIFT_VERSION = 4.0;
				TARGETED_DEVICE_FAMILY = "1,2";
				TEST_HOST = "$(BUILT_PRODUCTS_DIR)/OnTheMap.app/OnTheMap";
			};
			name = Debug;
		};
		D01F13B41F4734F00086954C /* Release */ = {
			isa = XCBuildConfiguration;
			baseConfigurationReference = 98018A973724837DF697C11D /* Pods-OnTheMapTests.release.xcconfig */;
			buildSettings = {
				ALWAYS_EMBED_SWIFT_STANDARD_LIBRARIES = YES;
				BUNDLE_LOADER = "$(TEST_HOST)";
				DEVELOPMENT_TEAM = H99S8C322A;
				INFOPLIST_FILE = OnTheMapTests/Info.plist;
				IPHONEOS_DEPLOYMENT_TARGET = 10.3;
				LD_RUNPATH_SEARCH_PATHS = "$(inherited) @executable_path/Frameworks @loader_path/Frameworks";
				PRODUCT_BUNDLE_IDENTIFIER = com.deeprealm.OnTheMapTests;
				PRODUCT_NAME = "$(TARGET_NAME)";
				SWIFT_VERSION = 4.0;
				TARGETED_DEVICE_FAMILY = "1,2";
				TEST_HOST = "$(BUILT_PRODUCTS_DIR)/OnTheMap.app/OnTheMap";
			};
			name = Release;
		};
		D01F13B61F4734F00086954C /* Debug */ = {
			isa = XCBuildConfiguration;
			baseConfigurationReference = 1CDFEAA530CAC4E3304AD365 /* Pods-OnTheMapUITests.debug.xcconfig */;
			buildSettings = {
				ALWAYS_EMBED_SWIFT_STANDARD_LIBRARIES = YES;
				DEVELOPMENT_TEAM = H99S8C322A;
				INFOPLIST_FILE = OnTheMapUITests/Info.plist;
				IPHONEOS_DEPLOYMENT_TARGET = 10.3;
				LD_RUNPATH_SEARCH_PATHS = "$(inherited) @executable_path/Frameworks @loader_path/Frameworks";
				PRODUCT_BUNDLE_IDENTIFIER = com.deeprealm.OnTheMapUITests;
				PRODUCT_NAME = "$(TARGET_NAME)";
				SWIFT_VERSION = 4.0;
				TARGETED_DEVICE_FAMILY = "1,2";
				TEST_TARGET_NAME = OnTheMap;
			};
			name = Debug;
		};
		D01F13B71F4734F00086954C /* Release */ = {
			isa = XCBuildConfiguration;
			baseConfigurationReference = 6A33BAF84EAE3B1286341D33 /* Pods-OnTheMapUITests.release.xcconfig */;
			buildSettings = {
				ALWAYS_EMBED_SWIFT_STANDARD_LIBRARIES = YES;
				DEVELOPMENT_TEAM = H99S8C322A;
				INFOPLIST_FILE = OnTheMapUITests/Info.plist;
				IPHONEOS_DEPLOYMENT_TARGET = 10.3;
				LD_RUNPATH_SEARCH_PATHS = "$(inherited) @executable_path/Frameworks @loader_path/Frameworks";
				PRODUCT_BUNDLE_IDENTIFIER = com.deeprealm.OnTheMapUITests;
				PRODUCT_NAME = "$(TARGET_NAME)";
				SWIFT_VERSION = 4.0;
				TARGETED_DEVICE_FAMILY = "1,2";
				TEST_TARGET_NAME = OnTheMap;
			};
			name = Release;
		};
/* End XCBuildConfiguration section */

/* Begin XCConfigurationList section */
		D01F13821F4734EF0086954C /* Build configuration list for PBXProject "OnTheMap" */ = {
			isa = XCConfigurationList;
			buildConfigurations = (
				D01F13AD1F4734F00086954C /* Debug */,
				D01F13AE1F4734F00086954C /* Release */,
			);
			defaultConfigurationIsVisible = 0;
			defaultConfigurationName = Release;
		};
		D01F13AF1F4734F00086954C /* Build configuration list for PBXNativeTarget "OnTheMap" */ = {
			isa = XCConfigurationList;
			buildConfigurations = (
				D01F13B01F4734F00086954C /* Debug */,
				D01F13B11F4734F00086954C /* Release */,
			);
			defaultConfigurationIsVisible = 0;
			defaultConfigurationName = Release;
		};
		D01F13B21F4734F00086954C /* Build configuration list for PBXNativeTarget "OnTheMapTests" */ = {
			isa = XCConfigurationList;
			buildConfigurations = (
				D01F13B31F4734F00086954C /* Debug */,
				D01F13B41F4734F00086954C /* Release */,
			);
			defaultConfigurationIsVisible = 0;
			defaultConfigurationName = Release;
		};
		D01F13B51F4734F00086954C /* Build configuration list for PBXNativeTarget "OnTheMapUITests" */ = {
			isa = XCConfigurationList;
			buildConfigurations = (
				D01F13B61F4734F00086954C /* Debug */,
				D01F13B71F4734F00086954C /* Release */,
			);
			defaultConfigurationIsVisible = 0;
			defaultConfigurationName = Release;
		};
/* End XCConfigurationList section */
	};
	rootObject = D01F137F1F4734EF0086954C /* Project object */;
}
